
Microsoft Visual Studio Solution File, Format Version 12.00
# Visual Studio Version 17
VisualStudioVersion = 17.10.34928.147
MinimumVisualStudioVersion = 10.0.40219.1
Project("{FAE04EC0-301F-11D3-BF4B-00C04F79EFBC}") = "TiendaOnline", "TiendaOnline\TiendaOnline.csproj", "{E83B2323-13DB-40AD-A5ED-70E374C14425}"
EndProject
Global
	GlobalSection(SolutionConfigurationPlatforms) = preSolution
		Debug|Any CPU = Debug|Any CPU
		Release|Any CPU = Release|Any CPU
	EndGlobalSection
	GlobalSection(ProjectConfigurationPlatforms) = postSolution
		{E83B2323-13DB-40AD-A5ED-70E374C14425}.Debug|Any CPU.ActiveCfg = Debug|Any CPU
		{E83B2323-13DB-40AD-A5ED-70E374C14425}.Debug|Any CPU.Build.0 = Debug|Any CPU
		{E83B2323-13DB-40AD-A5ED-70E374C14425}.Release|Any CPU.ActiveCfg = Release|Any CPU
		{E83B2323-13DB-40AD-A5ED-70E374C14425}.Release|Any CPU.Build.0 = Release|Any CPU
	EndGlobalSection
	GlobalSection(SolutionProperties) = preSolution
		HideSolutionNode = FALSE
	EndGlobalSection
	GlobalSection(ExtensibilityGlobals) = postSolution
		SolutionGuid = {50D036F4-D6E2-436B-A2CE-F795DE45D69B}
	EndGlobalSection
EndGlobal
